
Microsoft Visual Studio Solution File, Format Version 12.00
# Visual Studio Version 16
VisualStudioVersion = 16.0.29020.237
MinimumVisualStudioVersion = 10.0.40219.1
Project("{FAE04EC0-301F-11D3-BF4B-00C04F79EFBC}") = "WSSC.V4.DMS.Module", "WSSC.V4.DMS.Module\WSSC.V4.DMS.Module.csproj", "{42DE5BD0-0ECA-4022-A23C-82ECF5D5A265}"
EndProject
Global
	GlobalSection(SolutionConfigurationPlatforms) = preSolution
		Compile|Any CPU = Compile|Any CPU
		Debug|Any CPU = Debug|Any CPU
		Release|Any CPU = Release|Any CPU
	EndGlobalSection
	GlobalSection(ProjectConfigurationPlatforms) = postSolution
		{42DE5BD0-0ECA-4022-A23C-82ECF5D5A265}.Compile|Any CPU.ActiveCfg = Compile|Any CPU
		{42DE5BD0-0ECA-4022-A23C-82ECF5D5A265}.Compile|Any CPU.Build.0 = Compile|Any CPU
		{42DE5BD0-0ECA-4022-A23C-82ECF5D5A265}.Debug|Any CPU.ActiveCfg = Debug|Any CPU
		{42DE5BD0-0ECA-4022-A23C-82ECF5D5A265}.Debug|Any CPU.Build.0 = Debug|Any CPU
		{42DE5BD0-0ECA-4022-A23C-82ECF5D5A265}.Release|Any CPU.ActiveCfg = Release|Any CPU
		{42DE5BD0-0ECA-4022-A23C-82ECF5D5A265}.Release|Any CPU.Build.0 = Release|Any CPU
	EndGlobalSection
	GlobalSection(SolutionProperties) = preSolution
		HideSolutionNode = FALSE
	EndGlobalSection
	GlobalSection(ExtensibilityGlobals) = postSolution
		SolutionGuid = {23CC4644-6039-4A0C-8B1D-79C7134F9BDA}
	EndGlobalSection
EndGlobal
